
Microsoft Visual Studio Solution File, Format Version 12.00
# Visual Studio 15
Project("{FAE04EC0-301F-11D3-BF4B-00C04F79EFBC}") = "NativeVideoPlayer", "NativeVideoPlayer.csproj", "{E6D344A8-94FE-D8ED-C8AC-84B520F1409E}"
EndProject
Project("{FAE04EC0-301F-11D3-BF4B-00C04F79EFBC}") = "NativeVideoPlayer.Editor", "NativeVideoPlayer.Editor.csproj", "{A09C9FB7-C0E3-C0AD-A5FE-B6CA6D2B0237}"
EndProject
Global
	GlobalSection(SolutionConfigurationPlatforms) = preSolution
		Debug|Any CPU = Debug|Any CPU
		Release|Any CPU = Release|Any CPU
	EndGlobalSection
	GlobalSection(ProjectConfigurationPlatforms) = postSolution
		{E6D344A8-94FE-D8ED-C8AC-84B520F1409E}.Debug|Any CPU.ActiveCfg = Debug|Any CPU
		{E6D344A8-94FE-D8ED-C8AC-84B520F1409E}.Debug|Any CPU.Build.0 = Debug|Any CPU
		{E6D344A8-94FE-D8ED-C8AC-84B520F1409E}.Release|Any CPU.ActiveCfg = Release|Any CPU
		{E6D344A8-94FE-D8ED-C8AC-84B520F1409E}.Release|Any CPU.Build.0 = Release|Any CPU
		{A09C9FB7-C0E3-C0AD-A5FE-B6CA6D2B0237}.Debug|Any CPU.ActiveCfg = Debug|Any CPU
		{A09C9FB7-C0E3-C0AD-A5FE-B6CA6D2B0237}.Debug|Any CPU.Build.0 = Debug|Any CPU
		{A09C9FB7-C0E3-C0AD-A5FE-B6CA6D2B0237}.Release|Any CPU.ActiveCfg = Release|Any CPU
		{A09C9FB7-C0E3-C0AD-A5FE-B6CA6D2B0237}.Release|Any CPU.Build.0 = Release|Any CPU
	EndGlobalSection
	GlobalSection(SolutionProperties) = preSolution
		HideSolutionNode = FALSE
	EndGlobalSection
EndGlobal
