
Microsoft Visual Studio Solution File, Format Version 11.00
# Visual Studio 2010
Project("{FAE04EC0-301F-11D3-BF4B-00C04F79EFBC}") = "Assembly-CSharp", "Assembly-CSharp.csproj", "{935E2810-80AE-E592-C5DB-2082DD8737F4}"
EndProject
Project("{FAE04EC0-301F-11D3-BF4B-00C04F79EFBC}") = "Assembly-CSharp-Editor", "Assembly-CSharp-Editor.csproj", "{9C14A094-F692-6449-8132-8454A0C741AE}"
EndProject
Project("{FAE04EC0-301F-11D3-BF4B-00C04F79EFBC}") = "Assembly-CSharp-Editor-firstpass", "Assembly-CSharp-Editor-firstpass.csproj", "{B67FE421-77DC-D532-7D72-D1043B099C86}"
EndProject
Global
	GlobalSection(SolutionConfigurationPlatforms) = preSolution
		Debug|Any CPU = Debug|Any CPU
		Release|Any CPU = Release|Any CPU
	EndGlobalSection
	GlobalSection(ProjectConfigurationPlatforms) = postSolution
		{935E2810-80AE-E592-C5DB-2082DD8737F4}.Debug|Any CPU.ActiveCfg = Debug|Any CPU
		{935E2810-80AE-E592-C5DB-2082DD8737F4}.Debug|Any CPU.Build.0 = Debug|Any CPU
		{935E2810-80AE-E592-C5DB-2082DD8737F4}.Release|Any CPU.ActiveCfg = Release|Any CPU
		{935E2810-80AE-E592-C5DB-2082DD8737F4}.Release|Any CPU.Build.0 = Release|Any CPU
		{9C14A094-F692-6449-8132-8454A0C741AE}.Debug|Any CPU.ActiveCfg = Debug|Any CPU
		{9C14A094-F692-6449-8132-8454A0C741AE}.Debug|Any CPU.Build.0 = Debug|Any CPU
		{9C14A094-F692-6449-8132-8454A0C741AE}.Release|Any CPU.ActiveCfg = Release|Any CPU
		{9C14A094-F692-6449-8132-8454A0C741AE}.Release|Any CPU.Build.0 = Release|Any CPU
		{B67FE421-77DC-D532-7D72-D1043B099C86}.Debug|Any CPU.ActiveCfg = Debug|Any CPU
		{B67FE421-77DC-D532-7D72-D1043B099C86}.Debug|Any CPU.Build.0 = Debug|Any CPU
		{B67FE421-77DC-D532-7D72-D1043B099C86}.Release|Any CPU.ActiveCfg = Release|Any CPU
		{B67FE421-77DC-D532-7D72-D1043B099C86}.Release|Any CPU.Build.0 = Release|Any CPU
	EndGlobalSection
	GlobalSection(SolutionProperties) = preSolution
		HideSolutionNode = FALSE
	EndGlobalSection
	GlobalSection(MonoDevelopProperties) = preSolution
		StartupItem = Assembly-CSharp.csproj
	EndGlobalSection
EndGlobal
