<?xml version="1.0" encoding="utf-8"?>
<Project ToolsVersion="4.0" xmlns="http://schemas.microsoft.com/developer/msbuild/2003">
  <ItemGroup>
    <Filter Include="src">
      <UniqueIdentifier>{76f8205c-7d1b-47c1-97e0-219685d6d991}</UniqueIdentifier>
    </Filter>
    <Filter Include="src\opengl">
      <UniqueIdentifier>{bd23d0bb-390a-4b11-831d-286844e29376}</UniqueIdentifier>
    </Filter>
    <Filter Include="src\looper">
      <UniqueIdentifier>{db3575d9-f778-455f-8c10-e0829c0e6f8a}</UniqueIdentifier>
    </Filter>
    <Filter Include="src\utility">
      <UniqueIdentifier>{32f15102-0660-4c64-8de5-74e2ca44b75b}</UniqueIdentifier>
    </Filter>
    <Filter Include="src\utility\logger">
      <UniqueIdentifier>{57648c6d-0f2f-4729-8adc-3e6f8091f816}</UniqueIdentifier>
    </Filter>
    <Filter Include="src\thirdpart">
      <UniqueIdentifier>{bdec1a29-d622-43a6-a691-6c4be9166807}</UniqueIdentifier>
    </Filter>
    <Filter Include="src\opengl\renderer">
      <UniqueIdentifier>{a52440a1-a88b-4c77-8c9d-628bcbfca0cb}</UniqueIdentifier>
    </Filter>
    <Filter Include="src\script">
      <UniqueIdentifier>{0801a559-06a8-4884-b973-6ee1ebcb0779}</UniqueIdentifier>
    </Filter>
    <Filter Include="src\utility\datastruct">
      <UniqueIdentifier>{2d1e7c50-a49f-49a2-9b6e-d5697e5bef49}</UniqueIdentifier>
    </Filter>
    <Filter Include="src\utility\memory">
      <UniqueIdentifier>{00ae9a58-bc74-491f-a421-0c89b27c1af3}</UniqueIdentifier>
    </Filter>
    <Filter Include="src\pinvoke">
      <UniqueIdentifier>{7fb2f3be-94a2-4cdb-959e-0a932a955dd3}</UniqueIdentifier>
    </Filter>
    <Filter Include="src\pinvoke\template">
      <UniqueIdentifier>{99cd9dbb-7014-455d-811e-8fc4eb3dffe3}</UniqueIdentifier>
    </Filter>
    <Filter Include="src\utility\common">
      <UniqueIdentifier>{a60a72a0-c397-4cb1-b440-91229bd5b0d0}</UniqueIdentifier>
    </Filter>
    <Filter Include="src\utility\io">
      <UniqueIdentifier>{bdbb72ab-042f-4b2b-be98-31667f28f335}</UniqueIdentifier>
    </Filter>
    <Filter Include="src\utility\io\parser">
      <UniqueIdentifier>{c7e35bb6-c062-4834-809a-2bff79dc493b}</UniqueIdentifier>
    </Filter>
    <Filter Include="src\resources">
      <UniqueIdentifier>{03c07460-93b9-43f5-af1b-ec3286f11ed7}</UniqueIdentifier>
    </Filter>
  </ItemGroup>
  <ItemGroup>
    <ClCompile Include="src\main.cpp">
      <Filter>src</Filter>
    </ClCompile>
    <ClCompile Include="src\looper\World.cpp">
      <Filter>src\looper</Filter>
    </ClCompile>
    <ClCompile Include="src\utility\logger\ConsoleLogger.cpp">
      <Filter>src\utility\logger</Filter>
    </ClCompile>
    <ClCompile Include="src\thirdpart\glad.c">
      <Filter>src\thirdpart</Filter>
    </ClCompile>
    <ClCompile Include="src\opengl\GLADManager.cpp">
      <Filter>src\opengl</Filter>
    </ClCompile>
    <ClCompile Include="src\opengl\GLFWManager.cpp">
      <Filter>src\opengl</Filter>
    </ClCompile>
    <ClCompile Include="src\opengl\GLManager.cpp">
      <Filter>src\opengl</Filter>
    </ClCompile>
    <ClCompile Include="src\opengl\Window.cpp">
      <Filter>src\opengl</Filter>
    </ClCompile>
    <ClCompile Include="src\opengl\renderer\MeshRenderer.cpp">
      <Filter>src\opengl\renderer</Filter>
    </ClCompile>
    <ClCompile Include="src\looper\Scene.cpp">
      <Filter>src\looper</Filter>
    </ClCompile>
    <ClCompile Include="src\opengl\renderer\Mesh.cpp">
      <Filter>src\opengl\renderer</Filter>
    </ClCompile>
    <ClCompile Include="src\opengl\renderer\Shader.cpp">
      <Filter>src\opengl\renderer</Filter>
    </ClCompile>
    <ClCompile Include="src\opengl\Camera.cpp">
      <Filter>src\opengl</Filter>
    </ClCompile>
    <ClCompile Include="src\opengl\renderer\Material.cpp">
      <Filter>src\opengl\renderer</Filter>
    </ClCompile>
    <ClCompile Include="src\script\Behavior.cpp">
      <Filter>src\script</Filter>
    </ClCompile>
    <ClCompile Include="src\script\BehaviorManager.cpp">
      <Filter>src\script</Filter>
    </ClCompile>
    <ClCompile Include="src\looper\GameObject.cpp">
      <Filter>src\looper</Filter>
    </ClCompile>
    <ClCompile Include="src\utility\datastruct\LinkList.cpp">
      <Filter>src\utility\datastruct</Filter>
    </ClCompile>
    <ClCompile Include="src\opengl\GLFWInputManager.cpp">
      <Filter>src\opengl</Filter>
    </ClCompile>
    <ClCompile Include="src\utility\Context.cpp">
      <Filter>src\utility</Filter>
    </ClCompile>
    <ClCompile Include="src\opengl\renderer\ShaderProgram.cpp">
      <Filter>src\opengl\renderer</Filter>
    </ClCompile>
    <ClCompile Include="src\script\Transform.cpp">
      <Filter>src\script</Filter>
    </ClCompile>
    <ClCompile Include="src\script\Component.cpp">
      <Filter>src\script</Filter>
    </ClCompile>
    <ClCompile Include="src\script\Object.cpp">
      <Filter>src\script</Filter>
    </ClCompile>
    <ClCompile Include="src\looper\ScriptManager.cpp">
      <Filter>src\looper</Filter>
    </ClCompile>
    <ClCompile Include="src\opengl\renderer\Texture.cpp">
      <Filter>src\opengl\renderer</Filter>
    </ClCompile>
    <ClCompile Include="src\utility\io\File.cpp">
      <Filter>src\utility\io</Filter>
    </ClCompile>
  </ItemGroup>
  <ItemGroup>
    <ClInclude Include="src\looper\World.h">
      <Filter>src\looper</Filter>
    </ClInclude>
    <ClInclude Include="src\utility\logger\ConsoleLogger.h">
      <Filter>src\utility\logger</Filter>
    </ClInclude>
    <ClInclude Include="src\utility\logger\ILogger.h">
      <Filter>src\utility\logger</Filter>
    </ClInclude>
    <ClInclude Include="src\looper\InputManager.h">
      <Filter>src\looper</Filter>
    </ClInclude>
    <ClInclude Include="src\opengl\GLADManager.h">
      <Filter>src\opengl</Filter>
    </ClInclude>
    <ClInclude Include="src\opengl\GLFWManager.h">
      <Filter>src\opengl</Filter>
    </ClInclude>
    <ClInclude Include="src\opengl\GLManager.h">
      <Filter>src\opengl</Filter>
    </ClInclude>
    <ClInclude Include="src\opengl\Window.h">
      <Filter>src\opengl</Filter>
    </ClInclude>
    <ClInclude Include="src\opengl\renderer\Renderer.h">
      <Filter>src\opengl\renderer</Filter>
    </ClInclude>
    <ClInclude Include="src\opengl\renderer\MeshRenderer.h">
      <Filter>src\opengl\renderer</Filter>
    </ClInclude>
    <ClInclude Include="src\looper\Scene.h">
      <Filter>src\looper</Filter>
    </ClInclude>
    <ClInclude Include="src\opengl\renderer\Mesh.h">
      <Filter>src\opengl\renderer</Filter>
    </ClInclude>
    <ClInclude Include="src\opengl\renderer\Shader.h">
      <Filter>src\opengl\renderer</Filter>
    </ClInclude>
    <ClInclude Include="src\opengl\Camera.h">
      <Filter>src\opengl</Filter>
    </ClInclude>
    <ClInclude Include="src\opengl\renderer\Material.h">
      <Filter>src\opengl\renderer</Filter>
    </ClInclude>
    <ClInclude Include="src\script\Behavior.h">
      <Filter>src\script</Filter>
    </ClInclude>
    <ClInclude Include="src\script\BehaviorManager.h">
      <Filter>src\script</Filter>
    </ClInclude>
    <ClInclude Include="src\looper\GameObject.h">
      <Filter>src\looper</Filter>
    </ClInclude>
    <ClInclude Include="src\utility\datastruct\LinkList.h">
      <Filter>src\utility\datastruct</Filter>
    </ClInclude>
    <ClInclude Include="src\opengl\GLFWInputManager.h">
      <Filter>src\opengl</Filter>
    </ClInclude>
    <ClInclude Include="src\utility\memory\Memory.h">
      <Filter>src\utility\memory</Filter>
    </ClInclude>
    <ClInclude Include="src\utility\Context.h">
      <Filter>src\utility</Filter>
    </ClInclude>
    <ClInclude Include="src\utility\Singleton.h">
      <Filter>src\utility</Filter>
    </ClInclude>
    <ClInclude Include="src\looper\IRenderManager.h">
      <Filter>src\looper</Filter>
    </ClInclude>
    <ClInclude Include="src\opengl\renderer\ShaderProgram.h">
      <Filter>src\opengl\renderer</Filter>
    </ClInclude>
    <ClInclude Include="src\script\Transform.h">
      <Filter>src\script</Filter>
    </ClInclude>
    <ClInclude Include="src\script\Component.h">
      <Filter>src\script</Filter>
    </ClInclude>
    <ClInclude Include="src\script\Object.h">
      <Filter>src\script</Filter>
    </ClInclude>
    <ClInclude Include="src\looper\ScriptManager.h">
      <Filter>src\looper</Filter>
    </ClInclude>
    <ClInclude Include="src\utility\Common.h">
      <Filter>src\utility</Filter>
    </ClInclude>
    <ClInclude Include="src\utility\common\Property.h">
      <Filter>src\utility\common</Filter>
    </ClInclude>
    <ClInclude Include="src\opengl\renderer\Texture.h">
      <Filter>src\opengl\renderer</Filter>
    </ClInclude>
    <ClInclude Include="src\utility\io\File.h">
      <Filter>src\utility\io</Filter>
    </ClInclude>
  </ItemGroup>
</Project>