
Microsoft Visual Studio Solution File, Format Version 12.00
# Visual Studio 15
VisualStudioVersion = 15.0.28307.329
MinimumVisualStudioVersion = 10.0.40219.1
Project("{FAE04EC0-301F-11D3-BF4B-00C04F79EFBC}") = "ReMath", "ReMath\ReMath.csproj", "{29182A4C-3810-4789-AD11-6121DA8FD60B}"
EndProject
Global
	GlobalSection(SolutionConfigurationPlatforms) = preSolution
		Debug|Any CPU = Debug|Any CPU
		Release|Any CPU = Release|Any CPU
	EndGlobalSection
	GlobalSection(ProjectConfigurationPlatforms) = postSolution
		{29182A4C-3810-4789-AD11-6121DA8FD60B}.Debug|Any CPU.ActiveCfg = Debug|Any CPU
		{29182A4C-3810-4789-AD11-6121DA8FD60B}.Debug|Any CPU.Build.0 = Debug|Any CPU
		{29182A4C-3810-4789-AD11-6121DA8FD60B}.Release|Any CPU.ActiveCfg = Release|Any CPU
		{29182A4C-3810-4789-AD11-6121DA8FD60B}.Release|Any CPU.Build.0 = Release|Any CPU
	EndGlobalSection
	GlobalSection(SolutionProperties) = preSolution
		HideSolutionNode = FALSE
	EndGlobalSection
	GlobalSection(ExtensibilityGlobals) = postSolution
		SolutionGuid = {8417B323-DF9A-4D81-8840-A38270572D06}
	EndGlobalSection
EndGlobal
