
Microsoft Visual Studio Solution File, Format Version 12.00
# Visual Studio 15
Project("{FAE04EC0-301F-11D3-BF4B-00C04F79EFBC}") = "NativeReadBytes", "NativeReadBytes.csproj", "{4C128869-CC04-5D2E-9B2F-509DD4D396F2}"
EndProject
Project("{FAE04EC0-301F-11D3-BF4B-00C04F79EFBC}") = "NativeReadBytes.Editor", "NativeReadBytes.Editor.csproj", "{C17EF456-6870-3D83-A3E3-D2831CC30DEC}"
EndProject
Project("{FAE04EC0-301F-11D3-BF4B-00C04F79EFBC}") = "NativeReadBytes.Editor.Plugins", "NativeReadBytes.Editor.Plugins.csproj", "{368A3F96-307E-EBFE-C1E5-2CBEC99F3342}"
EndProject
Global
	GlobalSection(SolutionConfigurationPlatforms) = preSolution
		Debug|Any CPU = Debug|Any CPU
		Release|Any CPU = Release|Any CPU
	EndGlobalSection
	GlobalSection(ProjectConfigurationPlatforms) = postSolution
		{4C128869-CC04-5D2E-9B2F-509DD4D396F2}.Debug|Any CPU.ActiveCfg = Debug|Any CPU
		{4C128869-CC04-5D2E-9B2F-509DD4D396F2}.Debug|Any CPU.Build.0 = Debug|Any CPU
		{4C128869-CC04-5D2E-9B2F-509DD4D396F2}.Release|Any CPU.ActiveCfg = Release|Any CPU
		{4C128869-CC04-5D2E-9B2F-509DD4D396F2}.Release|Any CPU.Build.0 = Release|Any CPU
		{C17EF456-6870-3D83-A3E3-D2831CC30DEC}.Debug|Any CPU.ActiveCfg = Debug|Any CPU
		{C17EF456-6870-3D83-A3E3-D2831CC30DEC}.Debug|Any CPU.Build.0 = Debug|Any CPU
		{C17EF456-6870-3D83-A3E3-D2831CC30DEC}.Release|Any CPU.ActiveCfg = Release|Any CPU
		{C17EF456-6870-3D83-A3E3-D2831CC30DEC}.Release|Any CPU.Build.0 = Release|Any CPU
		{368A3F96-307E-EBFE-C1E5-2CBEC99F3342}.Debug|Any CPU.ActiveCfg = Debug|Any CPU
		{368A3F96-307E-EBFE-C1E5-2CBEC99F3342}.Debug|Any CPU.Build.0 = Debug|Any CPU
		{368A3F96-307E-EBFE-C1E5-2CBEC99F3342}.Release|Any CPU.ActiveCfg = Release|Any CPU
		{368A3F96-307E-EBFE-C1E5-2CBEC99F3342}.Release|Any CPU.Build.0 = Release|Any CPU
	EndGlobalSection
	GlobalSection(SolutionProperties) = preSolution
		HideSolutionNode = FALSE
	EndGlobalSection
EndGlobal
