
Microsoft Visual Studio Solution File, Format Version 11.00
# Visual Studio 2010
Project("{FAE04EC0-301F-11D3-BF4B-00C04F79EFBC}") = "Assembly-CSharp", "Assembly-CSharp.csproj", "{55F7D501-5461-F5DD-AAF2-CC9DD9D7E93D}"
EndProject
Project("{FAE04EC0-301F-11D3-BF4B-00C04F79EFBC}") = "Assembly-CSharp-Editor-firstpass", "Assembly-CSharp-Editor-firstpass.csproj", "{EC66F38E-644B-DD37-F2B8-3419589168C7}"
EndProject
Project("{FAE04EC0-301F-11D3-BF4B-00C04F79EFBC}") = "Assembly-CSharp-Editor", "Assembly-CSharp-Editor.csproj", "{9328C8D4-C863-911A-8493-5D0BD09885FE}"
EndProject
Global
	GlobalSection(SolutionConfigurationPlatforms) = preSolution
		Debug|Any CPU = Debug|Any CPU
		Release|Any CPU = Release|Any CPU
	EndGlobalSection
	GlobalSection(ProjectConfigurationPlatforms) = postSolution
		{55F7D501-5461-F5DD-AAF2-CC9DD9D7E93D}.Debug|Any CPU.ActiveCfg = Debug|Any CPU
		{55F7D501-5461-F5DD-AAF2-CC9DD9D7E93D}.Debug|Any CPU.Build.0 = Debug|Any CPU
		{55F7D501-5461-F5DD-AAF2-CC9DD9D7E93D}.Release|Any CPU.ActiveCfg = Release|Any CPU
		{55F7D501-5461-F5DD-AAF2-CC9DD9D7E93D}.Release|Any CPU.Build.0 = Release|Any CPU
		{EC66F38E-644B-DD37-F2B8-3419589168C7}.Debug|Any CPU.ActiveCfg = Debug|Any CPU
		{EC66F38E-644B-DD37-F2B8-3419589168C7}.Debug|Any CPU.Build.0 = Debug|Any CPU
		{EC66F38E-644B-DD37-F2B8-3419589168C7}.Release|Any CPU.ActiveCfg = Release|Any CPU
		{EC66F38E-644B-DD37-F2B8-3419589168C7}.Release|Any CPU.Build.0 = Release|Any CPU
		{9328C8D4-C863-911A-8493-5D0BD09885FE}.Debug|Any CPU.ActiveCfg = Debug|Any CPU
		{9328C8D4-C863-911A-8493-5D0BD09885FE}.Debug|Any CPU.Build.0 = Debug|Any CPU
		{9328C8D4-C863-911A-8493-5D0BD09885FE}.Release|Any CPU.ActiveCfg = Release|Any CPU
		{9328C8D4-C863-911A-8493-5D0BD09885FE}.Release|Any CPU.Build.0 = Release|Any CPU
	EndGlobalSection
	GlobalSection(SolutionProperties) = preSolution
		HideSolutionNode = FALSE
	EndGlobalSection
	GlobalSection(MonoDevelopProperties) = preSolution
		StartupItem = Assembly-CSharp.csproj
	EndGlobalSection
EndGlobal
